<?xml version="1.0" encoding="utf-8"?>
<Project ToolsVersion="4.0" xmlns="http://schemas.microsoft.com/developer/msbuild/2003">
  <ItemGroup>
    <Filter Include="소스 파일">
      <UniqueIdentifier>{4FC737F1-C7A5-4376-A066-2A32D752A2FF}</UniqueIdentifier>
      <Extensions>cpp;c;cc;cxx;def;odl;idl;hpj;bat;asm;asmx</Extensions>
    </Filter>
    <Filter Include="헤더 파일">
      <UniqueIdentifier>{93995380-89BD-4b04-88EB-625FBE52EBFB}</UniqueIdentifier>
      <Extensions>h;hh;hpp;hxx;hm;inl;inc;ipp;xsd</Extensions>
    </Filter>
    <Filter Include="리소스 파일">
      <UniqueIdentifier>{67DA6AB6-F800-4c08-8B7A-83BB121AAD01}</UniqueIdentifier>
      <Extensions>rc;ico;cur;bmp;dlg;rc2;rct;bin;rgs;gif;jpg;jpeg;jpe;resx;tiff;tif;png;wav;mfcribbon-ms</Extensions>
    </Filter>
    <Filter Include="소스 파일\imread">
      <UniqueIdentifier>{8fb6f870-12af-46bd-b80d-34bfadb2446b}</UniqueIdentifier>
    </Filter>
    <Filter Include="소스 파일\resize">
      <UniqueIdentifier>{1dc668f2-81a6-4093-9ee5-d18a8617911e}</UniqueIdentifier>
    </Filter>
    <Filter Include="소스 파일\capture">
      <UniqueIdentifier>{8c05f4ab-0757-4893-a8f3-5e502a2e8abb}</UniqueIdentifier>
    </Filter>
  </ItemGroup>
  <ItemGroup>
    <ClCompile Include="main.cpp">
      <Filter>소스 파일</Filter>
    </ClCompile>
    <ClCompile Include="imread.cpp">
      <Filter>소스 파일\imread</Filter>
    </ClCompile>
    <ClCompile Include="resize.cpp">
      <Filter>소스 파일\resize</Filter>
    </ClCompile>
    <ClCompile Include="Capture.cpp">
      <Filter>소스 파일\capture</Filter>
    </ClCompile>
  </ItemGroup>
  <ItemGroup>
    <ClInclude Include="imread.h">
      <Filter>소스 파일\imread</Filter>
    </ClInclude>
    <ClInclude Include="resize.h">
      <Filter>소스 파일\resize</Filter>
    </ClInclude>
    <ClInclude Include="Capture.h">
      <Filter>소스 파일\capture</Filter>
    </ClInclude>
  </ItemGroup>
</Project>